// !$*UTF8*$!
{
	archiveVersion = 1;
	classes = {
	};
	objectVersion = 77;
	objects = {

/* Begin PBXBuildFile section */
		185947432F4248B200AC8438 /* Lottie in Frameworks */ = {isa = PBXBuildFile; productRef = 185947422F4248B200AC8438 /* Lottie */; };
		18949B512F47AB3000FAAE0D /* ApphudSDK in Frameworks */ = {isa = PBXBuildFile; productRef = 18949B502F47AB3000FAAE0D /* ApphudSDK */; };
		18B513282F51B33300535C78 /* Adapty in Frameworks */ = {isa = PBXBuildFile; productRef = 18B513272F51B33300535C78 /* Adapty */; };
		18B5132A2F51B33300535C78 /* AdaptyDeveloperTools in Frameworks */ = {isa = PBXBuildFile; productRef = 18B513292F51B33300535C78 /* AdaptyDeveloperTools */; };
		18B5132C2F51B33300535C78 /* AdaptyLogger in Frameworks */ = {isa = PBXBuildFile; productRef = 18B5132B2F51B33300535C78 /* AdaptyLogger */; };
		18B5132E2F51B33300535C78 /* AdaptyPlugin in Frameworks */ = {isa = PBXBuildFile; productRef = 18B5132D2F51B33300535C78 /* AdaptyPlugin */; };
/* End PBXBuildFile section */

/* Begin PBXFileReference section */
		18A3F1E02F3DDC2B00EEB0D5 /* Sora.app */ = {isa = PBXFileReference; explicitFileType = wrapper.application; includeInIndex = 0; path = Sora.app; sourceTree = BUILT_PRODUCTS_DIR; };
/* End PBXFileReference section */

/* Begin PBXFileSystemSynchronizedRootGroup section */
		18A3F1E22F3DDC2B00EEB0D5 /* Sora */ = {
			isa = PBXFileSystemSynchronizedRootGroup;
			path = Sora;
			sourceTree = "<group>";
		};
/* End PBXFileSystemSynchronizedRootGroup section */

/* Begin PBXFrameworksBuildPhase section */
		18A3F1DD2F3DDC2B00EEB0D5 /* Frameworks */ = {
			isa = PBXFrameworksBuildPhase;
			buildActionMask = 2147483647;
			files = (
				185947432F4248B200AC8438 /* Lottie in Frameworks */,
				18949B512F47AB3000FAAE0D /* ApphudSDK in Frameworks */,
				18B5132E2F51B33300535C78 /* AdaptyPlugin in Frameworks */,
				18B5132A2F51B33300535C78 /* AdaptyDeveloperTools in Frameworks */,
				18B5132C2F51B33300535C78 /* AdaptyLogger in Frameworks */,
				18B513282F51B33300535C78 /* Adapty in Frameworks */,
			);
			runOnlyForDeploymentPostprocessing = 0;
		};
/* End PBXFrameworksBuildPhase section */

/* Begin PBXGroup section */
		18A3F1D72F3DDC2B00EEB0D5 = {
			isa = PBXGroup;
			children = (
				18A3F1E22F3DDC2B00EEB0D5 /* Sora */,
				18A3F1E12F3DDC2B00EEB0D5 /* Products */,
			);
			sourceTree = "<group>";
		};
		18A3F1E12F3DDC2B00EEB0D5 /* Products */ = {
			isa = PBXGroup;
			children = (
				18A3F1E02F3DDC2B00EEB0D5 /* Sora.app */,
			);
			name = Products;
			sourceTree = "<group>";
		};
/* End PBXGroup section */

/* Begin PBXNativeTarget section */
		18A3F1DF2F3DDC2B00EEB0D5 /* Sora */ = {
			isa = PBXNativeTarget;
			buildConfigurationList = 18A3F1EB2F3DDC2D00EEB0D5 /* Build configuration list for PBXNativeTarget "Sora" */;
			buildPhases = (
				18A3F1DC2F3DDC2B00EEB0D5 /* Sources */,
				18A3F1DD2F3DDC2B00EEB0D5 /* Frameworks */,
				18A3F1DE2F3DDC2B00EEB0D5 /* Resources */,
			);
			buildRules = (
			);
			dependencies = (
			);
			fileSystemSynchronizedGroups = (
				18A3F1E22F3DDC2B00EEB0D5 /* Sora */,
			);
			name = Sora;
			packageProductDependencies = (
				185947422F4248B200AC8438 /* Lottie */,
				18949B502F47AB3000FAAE0D /* ApphudSDK */,
				18B513272F51B33300535C78 /* Adapty */,
				18B513292F51B33300535C78 /* AdaptyDeveloperTools */,
				18B5132B2F51B33300535C78 /* AdaptyLogger */,
				18B5132D2F51B33300535C78 /* AdaptyPlugin */,
			);
			productName = Sora;
			productReference = 18A3F1E02F3DDC2B00EEB0D5 /* Sora.app */;
			productType = "com.apple.product-type.application";
		};
/* End PBXNativeTarget section */

/* Begin PBXProject section */
		18A3F1D82F3DDC2B00EEB0D5 /* Project object */ = {
			isa = PBXProject;
			attributes = {
				BuildIndependentTargetsInParallel = 1;
				LastSwiftUpdateCheck = 1630;
				LastUpgradeCheck = 1630;
				TargetAttributes = {
					18A3F1DF2F3DDC2B00EEB0D5 = {
						CreatedOnToolsVersion = 16.3;
					};
				};
			};
			buildConfigurationList = 18A3F1DB2F3DDC2B00EEB0D5 /* Build configuration list for PBXProject "Sora" */;
			developmentRegion = en;
			hasScannedForEncodings = 0;
			knownRegions = (
				en,
				Base,
			);
			mainGroup = 18A3F1D72F3DDC2B00EEB0D5;
			minimizedProjectReferenceProxies = 1;
			packageReferences = (
				185947412F4248B200AC8438 /* XCRemoteSwiftPackageReference "lottie-ios" */,
				18949B4F2F47AB3000FAAE0D /* XCRemoteSwiftPackageReference "ApphudSDK" */,
				18B513262F51B33300535C78 /* XCRemoteSwiftPackageReference "AdaptySDK-iOS" */,
			);
			preferredProjectObjectVersion = 77;
			productRefGroup = 18A3F1E12F3DDC2B00EEB0D5 /* Products */;
			projectDirPath = "";
			projectRoot = "";
			targets = (
				18A3F1DF2F3DDC2B00EEB0D5 /* Sora */,
			);
		};
/* End PBXProject section */

/* Begin PBXResourcesBuildPhase section */
		18A3F1DE2F3DDC2B00EEB0D5 /* Resources */ = {
			isa = PBXResourcesBuildPhase;
			buildActionMask = 2147483647;
			files = (
			);
			runOnlyForDeploymentPostprocessing = 0;
		};
/* End PBXResourcesBuildPhase section */

/* Begin PBXSourcesBuildPhase section */
		18A3F1DC2F3DDC2B00EEB0D5 /* Sources */ = {
			isa = PBXSourcesBuildPhase;
			buildActionMask = 2147483647;
			files = (
			);
			runOnlyForDeploymentPostprocessing = 0;
		};
/* End PBXSourcesBuildPhase section */

/* Begin XCBuildConfiguration section */
		18A3F1E92F3DDC2D00EEB0D5 /* Debug */ = {
			isa = XCBuildConfiguration;
			buildSettings = {
				ALWAYS_SEARCH_USER_PATHS = NO;
				ASSETCATALOG_COMPILER_GENERATE_SWIFT_ASSET_SYMBOL_EXTENSIONS = YES;
				CLANG_ANALYZER_NONNULL = YES;
				CLANG_ANALYZER_NUMBER_OBJECT_CONVERSION = YES_AGGRESSIVE;
				CLANG_CXX_LANGUAGE_STANDARD = "gnu++20";
				CLANG_ENABLE_MODULES = YES;
				CLANG_ENABLE_OBJC_ARC = YES;
				CLANG_ENABLE_OBJC_WEAK = YES;
				CLANG_WARN_BLOCK_CAPTURE_AUTORELEASING = YES;
				CLANG_WARN_BOOL_CONVERSION = YES;
				CLANG_WARN_COMMA = YES;
				CLANG_WARN_CONSTANT_CONVERSION = YES;
				CLANG_WARN_DEPRECATED_OBJC_IMPLEMENTATIONS = YES;
				CLANG_WARN_DIRECT_OBJC_ISA_USAGE = YES_ERROR;
				CLANG_WARN_DOCUMENTATION_COMMENTS = YES;
				CLANG_WARN_EMPTY_BODY = YES;
				CLANG_WARN_ENUM_CONVERSION = YES;
				CLANG_WARN_INFINITE_RECURSION = YES;
				CLANG_WARN_INT_CONVERSION = YES;
				CLANG_WARN_NON_LITERAL_NULL_CONVERSION = YES;
				CLANG_WARN_OBJC_IMPLICIT_RETAIN_SELF = YES;
				CLANG_WARN_OBJC_LITERAL_CONVERSION = YES;
				CLANG_WARN_OBJC_ROOT_CLASS = YES_ERROR;
				CLANG_WARN_QUOTED_INCLUDE_IN_FRAMEWORK_HEADER = YES;
				CLANG_WARN_RANGE_LOOP_ANALYSIS = YES;
				CLANG_WARN_STRICT_PROTOTYPES = YES;
				CLANG_WARN_SUSPICIOUS_MOVE = YES;
				CLANG_WARN_UNGUARDED_AVAILABILITY = YES_AGGRESSIVE;
				CLANG_WARN_UNREACHABLE_CODE = YES;
				CLANG_WARN__DUPLICATE_METHOD_MATCH = YES;
				COPY_PHASE_STRIP = NO;
				DEBUG_INFORMATION_FORMAT = dwarf;
				ENABLE_STRICT_OBJC_MSGSEND = YES;
				ENABLE_TESTABILITY = YES;
				ENABLE_USER_SCRIPT_SANDBOXING = YES;
				GCC_C_LANGUAGE_STANDARD = gnu17;
				GCC_DYNAMIC_NO_PIC = NO;
				GCC_NO_COMMON_BLOCKS = YES;
				GCC_OPTIMIZATION_LEVEL = 0;
				GCC_PREPROCESSOR_DEFINITIONS = (
					"DEBUG=1",
					"$(inherited)",
				);
				GCC_WARN_64_TO_32_BIT_CONVERSION = YES;
				GCC_WARN_ABOUT_RETURN_TYPE = YES_ERROR;
				GCC_WARN_UNDECLARED_SELECTOR = YES;
				GCC_WARN_UNINITIALIZED_AUTOS = YES_AGGRESSIVE;
				GCC_WARN_UNUSED_FUNCTION = YES;
				GCC_WARN_UNUSED_VARIABLE = YES;
				IPHONEOS_DEPLOYMENT_TARGET = 18.4;
				LOCALIZATION_PREFERS_STRING_CATALOGS = YES;
				MTL_ENABLE_DEBUG_INFO = INCLUDE_SOURCE;
				MTL_FAST_MATH = YES;
				ONLY_ACTIVE_ARCH = YES;
				SDKROOT = iphoneos;
				SWIFT_ACTIVE_COMPILATION_CONDITIONS = "DEBUG $(inherited)";
				SWIFT_OPTIMIZATION_LEVEL = "-Onone";
			};
			name = Debug;
		};
		18A3F1EA2F3DDC2D00EEB0D5 /* Release */ = {
			isa = XCBuildConfiguration;
			buildSettings = {
				ALWAYS_SEARCH_USER_PATHS = NO;
				ASSETCATALOG_COMPILER_GENERATE_SWIFT_ASSET_SYMBOL_EXTENSIONS = YES;
				CLANG_ANALYZER_NONNULL = YES;
				CLANG_ANALYZER_NUMBER_OBJECT_CONVERSION = YES_AGGRESSIVE;
				CLANG_CXX_LANGUAGE_STANDARD = "gnu++20";
				CLANG_ENABLE_MODULES = YES;
				CLANG_ENABLE_OBJC_ARC = YES;
				CLANG_ENABLE_OBJC_WEAK = YES;
				CLANG_WARN_BLOCK_CAPTURE_AUTORELEASING = YES;
				CLANG_WARN_BOOL_CONVERSION = YES;
				CLANG_WARN_COMMA = YES;
				CLANG_WARN_CONSTANT_CONVERSION = YES;
				CLANG_WARN_DEPRECATED_OBJC_IMPLEMENTATIONS = YES;
				CLANG_WARN_DIRECT_OBJC_ISA_USAGE = YES_ERROR;
				CLANG_WARN_DOCUMENTATION_COMMENTS = YES;
				CLANG_WARN_EMPTY_BODY = YES;
				CLANG_WARN_ENUM_CONVERSION = YES;
				CLANG_WARN_INFINITE_RECURSION = YES;
				CLANG_WARN_INT_CONVERSION = YES;
				CLANG_WARN_NON_LITERAL_NULL_CONVERSION = YES;
				CLANG_WARN_OBJC_IMPLICIT_RETAIN_SELF = YES;
				CLANG_WARN_OBJC_LITERAL_CONVERSION = YES;
				CLANG_WARN_OBJC_ROOT_CLASS = YES_ERROR;
				CLANG_WARN_QUOTED_INCLUDE_IN_FRAMEWORK_HEADER = YES;
				CLANG_WARN_RANGE_LOOP_ANALYSIS = YES;
				CLANG_WARN_STRICT_PROTOTYPES = YES;
				CLANG_WARN_SUSPICIOUS_MOVE = YES;
				CLANG_WARN_UNGUARDED_AVAILABILITY = YES_AGGRESSIVE;
				CLANG_WARN_UNREACHABLE_CODE = YES;
				CLANG_WARN__DUPLICATE_METHOD_MATCH = YES;
				COPY_PHASE_STRIP = NO;
				DEBUG_INFORMATION_FORMAT = "dwarf-with-dsym";
				ENABLE_NS_ASSERTIONS = NO;
				ENABLE_STRICT_OBJC_MSGSEND = YES;
				ENABLE_USER_SCRIPT_SANDBOXING = YES;
				GCC_C_LANGUAGE_STANDARD = gnu17;
				GCC_NO_COMMON_BLOCKS = YES;
				GCC_WARN_64_TO_32_BIT_CONVERSION = YES;
				GCC_WARN_ABOUT_RETURN_TYPE = YES_ERROR;
				GCC_WARN_UNDECLARED_SELECTOR = YES;
				GCC_WARN_UNINITIALIZED_AUTOS = YES_AGGRESSIVE;
				GCC_WARN_UNUSED_FUNCTION = YES;
				GCC_WARN_UNUSED_VARIABLE = YES;
				IPHONEOS_DEPLOYMENT_TARGET = 18.4;
				LOCALIZATION_PREFERS_STRING_CATALOGS = YES;
				MTL_ENABLE_DEBUG_INFO = NO;
				MTL_FAST_MATH = YES;
				SDKROOT = iphoneos;
				SWIFT_COMPILATION_MODE = wholemodule;
				VALIDATE_PRODUCT = YES;
			};
			name = Release;
		};
		18A3F1EC2F3DDC2D00EEB0D5 /* Debug */ = {
			isa = XCBuildConfiguration;
			buildSettings = {
				ASSETCATALOG_COMPILER_APPICON_NAME = AppIcon;
				ASSETCATALOG_COMPILER_GLOBAL_ACCENT_COLOR_NAME = AccentColor;
				CODE_SIGN_STYLE = Automatic;
				CURRENT_PROJECT_VERSION = 1;
				ENABLE_PREVIEWS = YES;
				GENERATE_INFOPLIST_FILE = YES;
				INFOPLIST_KEY_NSCameraUsageDescription = "This app will be able to send you messages in your notification center";
				INFOPLIST_KEY_NSPhotoLibraryAddUsageDescription = "Save generated images and videos to your photo library";
				INFOPLIST_KEY_NSPhotoLibraryUsageDescription = "This app will be able to send you messages in your notification center";
				INFOPLIST_KEY_UIApplicationSceneManifest_Generation = YES;
				INFOPLIST_KEY_UIApplicationSupportsIndirectInputEvents = YES;
				INFOPLIST_KEY_UILaunchScreen_Generation = YES;
				INFOPLIST_KEY_UISupportedInterfaceOrientations_iPad = "UIInterfaceOrientationPortrait UIInterfaceOrientationPortraitUpsideDown UIInterfaceOrientationLandscapeLeft UIInterfaceOrientationLandscapeRight";
				INFOPLIST_KEY_UISupportedInterfaceOrientations_iPhone = "UIInterfaceOrientationPortrait UIInterfaceOrientationLandscapeLeft UIInterfaceOrientationLandscapeRight";
				LD_RUNPATH_SEARCH_PATHS = (
					"$(inherited)",
					"@executable_path/Frameworks",
				);
				MARKETING_VERSION = 1.0;
				PRODUCT_BUNDLE_IDENTIFIER = com.zaf.5246sora;
				PRODUCT_NAME = "$(TARGET_NAME)";
				SWIFT_EMIT_LOC_STRINGS = YES;
				SWIFT_VERSION = 5.0;
				TARGETED_DEVICE_FAMILY = "1,2";
			};
			name = Debug;
		};
		18A3F1ED2F3DDC2D00EEB0D5 /* Release */ = {
			isa = XCBuildConfiguration;
			buildSettings = {
				ASSETCATALOG_COMPILER_APPICON_NAME = AppIcon;
				ASSETCATALOG_COMPILER_GLOBAL_ACCENT_COLOR_NAME = AccentColor;
				CODE_SIGN_STYLE = Automatic;
				CURRENT_PROJECT_VERSION = 1;
				ENABLE_PREVIEWS = YES;
				GENERATE_INFOPLIST_FILE = YES;
				INFOPLIST_KEY_NSCameraUsageDescription = "This app will be able to send you messages in your notification center";
				INFOPLIST_KEY_NSPhotoLibraryAddUsageDescription = "Save generated images and videos to your photo library";
				INFOPLIST_KEY_NSPhotoLibraryUsageDescription = "This app will be able to send you messages in your notification center";
				INFOPLIST_KEY_UIApplicationSceneManifest_Generation = YES;
				INFOPLIST_KEY_UIApplicationSupportsIndirectInputEvents = YES;
				INFOPLIST_KEY_UILaunchScreen_Generation = YES;
				INFOPLIST_KEY_UISupportedInterfaceOrientations_iPad = "UIInterfaceOrientationPortrait UIInterfaceOrientationPortraitUpsideDown UIInterfaceOrientationLandscapeLeft UIInterfaceOrientationLandscapeRight";
				INFOPLIST_KEY_UISupportedInterfaceOrientations_iPhone = "UIInterfaceOrientationPortrait UIInterfaceOrientationLandscapeLeft UIInterfaceOrientationLandscapeRight";
				LD_RUNPATH_SEARCH_PATHS = (
					"$(inherited)",
					"@executable_path/Frameworks",
				);
				MARKETING_VERSION = 1.0;
				PRODUCT_BUNDLE_IDENTIFIER = com.zaf.5246sora;
				PRODUCT_NAME = "$(TARGET_NAME)";
				SWIFT_EMIT_LOC_STRINGS = YES;
				SWIFT_VERSION = 5.0;
				TARGETED_DEVICE_FAMILY = "1,2";
			};
			name = Release;
		};
/* End XCBuildConfiguration section */

/* Begin XCConfigurationList section */
		18A3F1DB2F3DDC2B00EEB0D5 /* Build configuration list for PBXProject "Sora" */ = {
			isa = XCConfigurationList;
			buildConfigurations = (
				18A3F1E92F3DDC2D00EEB0D5 /* Debug */,
				18A3F1EA2F3DDC2D00EEB0D5 /* Release */,
			);
			defaultConfigurationIsVisible = 0;
			defaultConfigurationName = Release;
		};
		18A3F1EB2F3DDC2D00EEB0D5 /* Build configuration list for PBXNativeTarget "Sora" */ = {
			isa = XCConfigurationList;
			buildConfigurations = (
				18A3F1EC2F3DDC2D00EEB0D5 /* Debug */,
				18A3F1ED2F3DDC2D00EEB0D5 /* Release */,
			);
			defaultConfigurationIsVisible = 0;
			defaultConfigurationName = Release;
		};
/* End XCConfigurationList section */

/* Begin XCRemoteSwiftPackageReference section */
		185947412F4248B200AC8438 /* XCRemoteSwiftPackageReference "lottie-ios" */ = {
			isa = XCRemoteSwiftPackageReference;
			repositoryURL = "https://github.com/airbnb/lottie-ios";
			requirement = {
				kind = upToNextMajorVersion;
				minimumVersion = 4.6.0;
			};
		};
		18949B4F2F47AB3000FAAE0D /* XCRemoteSwiftPackageReference "ApphudSDK" */ = {
			isa = XCRemoteSwiftPackageReference;
			repositoryURL = "https://github.com/apphud/ApphudSDK";
			requirement = {
				kind = upToNextMajorVersion;
				minimumVersion = 3.6.2;
			};
		};
		18B513262F51B33300535C78 /* XCRemoteSwiftPackageReference "AdaptySDK-iOS" */ = {
			isa = XCRemoteSwiftPackageReference;
			repositoryURL = "https://github.com/adaptyteam/AdaptySDK-iOS";
			requirement = {
				kind = upToNextMajorVersion;
				minimumVersion = 3.15.1;
			};
		};
/* End XCRemoteSwiftPackageReference section */

/* Begin XCSwiftPackageProductDependency section */
		185947422F4248B200AC8438 /* Lottie */ = {
			isa = XCSwiftPackageProductDependency;
			package = 185947412F4248B200AC8438 /* XCRemoteSwiftPackageReference "lottie-ios" */;
			productName = Lottie;
		};
		18949B502F47AB3000FAAE0D /* ApphudSDK */ = {
			isa = XCSwiftPackageProductDependency;
			package = 18949B4F2F47AB3000FAAE0D /* XCRemoteSwiftPackageReference "ApphudSDK" */;
			productName = ApphudSDK;
		};
		18B513272F51B33300535C78 /* Adapty */ = {
			isa = XCSwiftPackageProductDependency;
			package = 18B513262F51B33300535C78 /* XCRemoteSwiftPackageReference "AdaptySDK-iOS" */;
			productName = Adapty;
		};
		18B513292F51B33300535C78 /* AdaptyDeveloperTools */ = {
			isa = XCSwiftPackageProductDependency;
			package = 18B513262F51B33300535C78 /* XCRemoteSwiftPackageReference "AdaptySDK-iOS" */;
			productName = AdaptyDeveloperTools;
		};
		18B5132B2F51B33300535C78 /* AdaptyLogger */ = {
			isa = XCSwiftPackageProductDependency;
			package = 18B513262F51B33300535C78 /* XCRemoteSwiftPackageReference "AdaptySDK-iOS" */;
			productName = AdaptyLogger;
		};
		18B5132D2F51B33300535C78 /* AdaptyPlugin */ = {
			isa = XCSwiftPackageProductDependency;
			package = 18B513262F51B33300535C78 /* XCRemoteSwiftPackageReference "AdaptySDK-iOS" */;
			productName = AdaptyPlugin;
		};
/* End XCSwiftPackageProductDependency section */
	};
	rootObject = 18A3F1D82F3DDC2B00EEB0D5 /* Project object */;
}
